
Microsoft Visual Studio Solution File, Format Version 12.00
# Visual Studio Version 16
VisualStudioVersion = 16.0.31729.503
MinimumVisualStudioVersion = 10.0.40219.1
Project("{FAE04EC0-301F-11D3-BF4B-00C04F79EFBC}") = "SIT_Connect_200573T", "SIT_Connect_200573T\SIT_Connect_200573T.csproj", "{DF2EF24D-4810-4D40-9351-E2CADB6581BF}"
EndProject
Global
	GlobalSection(SolutionConfigurationPlatforms) = preSolution
		Debug|Any CPU = Debug|Any CPU
		Release|Any CPU = Release|Any CPU
	EndGlobalSection
	GlobalSection(ProjectConfigurationPlatforms) = postSolution
		{DF2EF24D-4810-4D40-9351-E2CADB6581BF}.Debug|Any CPU.ActiveCfg = Debug|Any CPU
		{DF2EF24D-4810-4D40-9351-E2CADB6581BF}.Debug|Any CPU.Build.0 = Debug|Any CPU
		{DF2EF24D-4810-4D40-9351-E2CADB6581BF}.Release|Any CPU.ActiveCfg = Release|Any CPU
		{DF2EF24D-4810-4D40-9351-E2CADB6581BF}.Release|Any CPU.Build.0 = Release|Any CPU
	EndGlobalSection
	GlobalSection(SolutionProperties) = preSolution
		HideSolutionNode = FALSE
	EndGlobalSection
	GlobalSection(ExtensibilityGlobals) = postSolution
		SolutionGuid = {4627B70C-5089-4DBF-89B8-6AF8F4502149}
	EndGlobalSection
EndGlobal
